
Microsoft Visual Studio Solution File, Format Version 12.00
Project("{FAE04EC0-301F-11D3-BF4B-00C04F79EFBC}") = "APBD_Task02", "APBD_Task02\APBD_Task02.csproj", "{9D2664A8-1110-45D9-8029-B7CF7CDE6AC5}"
EndProject
Project("{FAE04EC0-301F-11D3-BF4B-00C04F79EFBC}") = "APBD_Task02Test", "APBD_Task02Test\APBD_Task02Test.csproj", "{F52C2A24-3479-479F-AB55-37D8779D2A7B}"
EndProject
Global
	GlobalSection(SolutionConfigurationPlatforms) = preSolution
		Debug|Any CPU = Debug|Any CPU
		Release|Any CPU = Release|Any CPU
	EndGlobalSection
	GlobalSection(ProjectConfigurationPlatforms) = postSolution
		{9D2664A8-1110-45D9-8029-B7CF7CDE6AC5}.Debug|Any CPU.ActiveCfg = Debug|Any CPU
		{9D2664A8-1110-45D9-8029-B7CF7CDE6AC5}.Debug|Any CPU.Build.0 = Debug|Any CPU
		{9D2664A8-1110-45D9-8029-B7CF7CDE6AC5}.Release|Any CPU.ActiveCfg = Release|Any CPU
		{9D2664A8-1110-45D9-8029-B7CF7CDE6AC5}.Release|Any CPU.Build.0 = Release|Any CPU
		{F52C2A24-3479-479F-AB55-37D8779D2A7B}.Debug|Any CPU.ActiveCfg = Debug|Any CPU
		{F52C2A24-3479-479F-AB55-37D8779D2A7B}.Debug|Any CPU.Build.0 = Debug|Any CPU
		{F52C2A24-3479-479F-AB55-37D8779D2A7B}.Release|Any CPU.ActiveCfg = Release|Any CPU
		{F52C2A24-3479-479F-AB55-37D8779D2A7B}.Release|Any CPU.Build.0 = Release|Any CPU
	EndGlobalSection
EndGlobal
